
Microsoft Visual Studio Solution File, Format Version 12.00
# Visual Studio Version 17
VisualStudioVersion = 17.0.31903.59
MinimumVisualStudioVersion = 10.0.40219.1
Project("{2150E333-8FDC-42A3-9474-1A3956D46DE8}") = "src", "src", "{732A6DAF-E897-4C13-AF3F-9FB747CDFF9C}"
EndProject
Project("{FAE04EC0-301F-11D3-BF4B-00C04F79EFBC}") = "AuctionService", "src\AuctionService\AuctionService.csproj", "{2C0ED652-B48F-43F8-8894-2E677A115C1D}"
EndProject
Project("{FAE04EC0-301F-11D3-BF4B-00C04F79EFBC}") = "SearchService", "src\SearchService\SearchService.csproj", "{91DBC5E4-48B8-4DC2-A20D-DF6D2CDA5788}"
EndProject
Global
	GlobalSection(SolutionConfigurationPlatforms) = preSolution
		Debug|Any CPU = Debug|Any CPU
		Release|Any CPU = Release|Any CPU
	EndGlobalSection
	GlobalSection(SolutionProperties) = preSolution
		HideSolutionNode = FALSE
	EndGlobalSection
	GlobalSection(ProjectConfigurationPlatforms) = postSolution
		{2C0ED652-B48F-43F8-8894-2E677A115C1D}.Debug|Any CPU.ActiveCfg = Debug|Any CPU
		{2C0ED652-B48F-43F8-8894-2E677A115C1D}.Debug|Any CPU.Build.0 = Debug|Any CPU
		{2C0ED652-B48F-43F8-8894-2E677A115C1D}.Release|Any CPU.ActiveCfg = Release|Any CPU
		{2C0ED652-B48F-43F8-8894-2E677A115C1D}.Release|Any CPU.Build.0 = Release|Any CPU
		{91DBC5E4-48B8-4DC2-A20D-DF6D2CDA5788}.Debug|Any CPU.ActiveCfg = Debug|Any CPU
		{91DBC5E4-48B8-4DC2-A20D-DF6D2CDA5788}.Debug|Any CPU.Build.0 = Debug|Any CPU
		{91DBC5E4-48B8-4DC2-A20D-DF6D2CDA5788}.Release|Any CPU.ActiveCfg = Release|Any CPU
		{91DBC5E4-48B8-4DC2-A20D-DF6D2CDA5788}.Release|Any CPU.Build.0 = Release|Any CPU
	EndGlobalSection
	GlobalSection(NestedProjects) = preSolution
		{2C0ED652-B48F-43F8-8894-2E677A115C1D} = {732A6DAF-E897-4C13-AF3F-9FB747CDFF9C}
		{91DBC5E4-48B8-4DC2-A20D-DF6D2CDA5788} = {732A6DAF-E897-4C13-AF3F-9FB747CDFF9C}
	EndGlobalSection
EndGlobal
